
Microsoft Visual Studio Solution File, Format Version 12.00
# Visual Studio Version 17
VisualStudioVersion = 17.11.35222.181
MinimumVisualStudioVersion = 10.0.40219.1
Project("{FAE04EC0-301F-11D3-BF4B-00C04F79EFBC}") = "ConsoleApp", "ConsoleApp\ConsoleApp.csproj", "{DF1AD5E9-6C4A-4AED-976E-6316859E292C}"
EndProject
Project("{FAE04EC0-301F-11D3-BF4B-00C04F79EFBC}") = "WinFormsApp", "WinFormsApp\WinFormsApp.csproj", "{251E0AA9-5305-47E7-BD61-F01E06855CAC}"
EndProject
Project("{FAE04EC0-301F-11D3-BF4B-00C04F79EFBC}") = "BusinessLogicModel", "BusinessLogicModel\BusinessLogicModel.csproj", "{35C9784E-5FE8-4C55-840D-626D0C994029}"
EndProject
Global
	GlobalSection(SolutionConfigurationPlatforms) = preSolution
		Debug|Any CPU = Debug|Any CPU
		Release|Any CPU = Release|Any CPU
	EndGlobalSection
	GlobalSection(ProjectConfigurationPlatforms) = postSolution
		{DF1AD5E9-6C4A-4AED-976E-6316859E292C}.Debug|Any CPU.ActiveCfg = Debug|Any CPU
		{DF1AD5E9-6C4A-4AED-976E-6316859E292C}.Debug|Any CPU.Build.0 = Debug|Any CPU
		{DF1AD5E9-6C4A-4AED-976E-6316859E292C}.Release|Any CPU.ActiveCfg = Release|Any CPU
		{DF1AD5E9-6C4A-4AED-976E-6316859E292C}.Release|Any CPU.Build.0 = Release|Any CPU
		{251E0AA9-5305-47E7-BD61-F01E06855CAC}.Debug|Any CPU.ActiveCfg = Debug|Any CPU
		{251E0AA9-5305-47E7-BD61-F01E06855CAC}.Debug|Any CPU.Build.0 = Debug|Any CPU
		{251E0AA9-5305-47E7-BD61-F01E06855CAC}.Release|Any CPU.ActiveCfg = Release|Any CPU
		{251E0AA9-5305-47E7-BD61-F01E06855CAC}.Release|Any CPU.Build.0 = Release|Any CPU
		{35C9784E-5FE8-4C55-840D-626D0C994029}.Debug|Any CPU.ActiveCfg = Debug|Any CPU
		{35C9784E-5FE8-4C55-840D-626D0C994029}.Debug|Any CPU.Build.0 = Debug|Any CPU
		{35C9784E-5FE8-4C55-840D-626D0C994029}.Release|Any CPU.ActiveCfg = Release|Any CPU
		{35C9784E-5FE8-4C55-840D-626D0C994029}.Release|Any CPU.Build.0 = Release|Any CPU
	EndGlobalSection
	GlobalSection(SolutionProperties) = preSolution
		HideSolutionNode = FALSE
	EndGlobalSection
	GlobalSection(ExtensibilityGlobals) = postSolution
		SolutionGuid = {71D667C1-F5AA-4A9A-B4A5-95440E034BFF}
	EndGlobalSection
EndGlobal
